// !$*UTF8*$!
{
	archiveVersion = 1;
	classes = {
	};
	objectVersion = 50;
	objects = {

/* Begin PBXBuildFile section */
		A2C962152420EAEEAF9821EA /* Pods_OdooContacts.framework in Frameworks */ = {isa = PBXBuildFile; fileRef = BB00A4F47D69692C586CF414 /* Pods_OdooContacts.framework */; };
		FBAEED4726105FF6008C53B5 /* AppDelegate.swift in Sources */ = {isa = PBXBuildFile; fileRef = FBAEED4626105FF6008C53B5 /* AppDelegate.swift */; };
		FBAEED4926105FF6008C53B5 /* SceneDelegate.swift in Sources */ = {isa = PBXBuildFile; fileRef = FBAEED4826105FF6008C53B5 /* SceneDelegate.swift */; };
		FBAEED4B26105FF6008C53B5 /* ViewController.swift in Sources */ = {isa = PBXBuildFile; fileRef = FBAEED4A26105FF6008C53B5 /* ViewController.swift */; };
		FBAEED4E26105FF6008C53B5 /* Main.storyboard in Resources */ = {isa = PBXBuildFile; fileRef = FBAEED4C26105FF6008C53B5 /* Main.storyboard */; };
		FBAEED5026105FF7008C53B5 /* Assets.xcassets in Resources */ = {isa = PBXBuildFile; fileRef = FBAEED4F26105FF7008C53B5 /* Assets.xcassets */; };
		FBAEED5326105FF7008C53B5 /* LaunchScreen.storyboard in Resources */ = {isa = PBXBuildFile; fileRef = FBAEED5126105FF7008C53B5 /* LaunchScreen.storyboard */; };
/* End PBXBuildFile section */

/* Begin PBXFileReference section */
		1B8733CC34EE621511C31945 /* Pods-OdooContacts.debug.xcconfig */ = {isa = PBXFileReference; includeInIndex = 1; lastKnownFileType = text.xcconfig; name = "Pods-OdooContacts.debug.xcconfig"; path = "Target Support Files/Pods-OdooContacts/Pods-OdooContacts.debug.xcconfig"; sourceTree = "<group>"; };
		71E0416003B8C71F72B7C27F /* Pods-OdooContacts.release.xcconfig */ = {isa = PBXFileReference; includeInIndex = 1; lastKnownFileType = text.xcconfig; name = "Pods-OdooContacts.release.xcconfig"; path = "Target Support Files/Pods-OdooContacts/Pods-OdooContacts.release.xcconfig"; sourceTree = "<group>"; };
		BB00A4F47D69692C586CF414 /* Pods_OdooContacts.framework */ = {isa = PBXFileReference; explicitFileType = wrapper.framework; includeInIndex = 0; path = Pods_OdooContacts.framework; sourceTree = BUILT_PRODUCTS_DIR; };
		FBAEED4326105FF6008C53B5 /* OdooContacts.app */ = {isa = PBXFileReference; explicitFileType = wrapper.application; includeInIndex = 0; path = OdooContacts.app; sourceTree = BUILT_PRODUCTS_DIR; };
		FBAEED4626105FF6008C53B5 /* AppDelegate.swift */ = {isa = PBXFileReference; lastKnownFileType = sourcecode.swift; path = AppDelegate.swift; sourceTree = "<group>"; };
		FBAEED4826105FF6008C53B5 /* SceneDelegate.swift */ = {isa = PBXFileReference; lastKnownFileType = sourcecode.swift; path = SceneDelegate.swift; sourceTree = "<group>"; };
		FBAEED4A26105FF6008C53B5 /* ViewController.swift */ = {isa = PBXFileReference; lastKnownFileType = sourcecode.swift; path = ViewController.swift; sourceTree = "<group>"; };
		FBAEED4D26105FF6008C53B5 /* Base */ = {isa = PBXFileReference; lastKnownFileType = file.storyboard; name = Base; path = Base.lproj/Main.storyboard; sourceTree = "<group>"; };
		FBAEED4F26105FF7008C53B5 /* Assets.xcassets */ = {isa = PBXFileReference; lastKnownFileType = folder.assetcatalog; path = Assets.xcassets; sourceTree = "<group>"; };
		FBAEED5226105FF7008C53B5 /* Base */ = {isa = PBXFileReference; lastKnownFileType = file.storyboard; name = Base; path = Base.lproj/LaunchScreen.storyboard; sourceTree = "<group>"; };
		FBAEED5426105FF7008C53B5 /* Info.plist */ = {isa = PBXFileReference; lastKnownFileType = text.plist.xml; path = Info.plist; sourceTree = "<group>"; };
/* End PBXFileReference section */

/* Begin PBXFrameworksBuildPhase section */
		FBAEED4026105FF6008C53B5 /* Frameworks */ = {
			isa = PBXFrameworksBuildPhase;
			buildActionMask = 2147483647;
			files = (
				A2C962152420EAEEAF9821EA /* Pods_OdooContacts.framework in Frameworks */,
			);
			runOnlyForDeploymentPostprocessing = 0;
		};
/* End PBXFrameworksBuildPhase section */

/* Begin PBXGroup section */
		50C05268B9CFDF72FBC80DFE /* Frameworks */ = {
			isa = PBXGroup;
			children = (
				BB00A4F47D69692C586CF414 /* Pods_OdooContacts.framework */,
			);
			name = Frameworks;
			sourceTree = "<group>";
		};
		B1C0832D1358B25A1BAE3D34 /* Pods */ = {
			isa = PBXGroup;
			children = (
				1B8733CC34EE621511C31945 /* Pods-OdooContacts.debug.xcconfig */,
				71E0416003B8C71F72B7C27F /* Pods-OdooContacts.release.xcconfig */,
			);
			name = Pods;
			path = Pods;
			sourceTree = "<group>";
		};
		FBAEED3A26105FF6008C53B5 = {
			isa = PBXGroup;
			children = (
				FBAEED4526105FF6008C53B5 /* OdooContacts */,
				FBAEED4426105FF6008C53B5 /* Products */,
				B1C0832D1358B25A1BAE3D34 /* Pods */,
				50C05268B9CFDF72FBC80DFE /* Frameworks */,
			);
			sourceTree = "<group>";
		};
		FBAEED4426105FF6008C53B5 /* Products */ = {
			isa = PBXGroup;
			children = (
				FBAEED4326105FF6008C53B5 /* OdooContacts.app */,
			);
			name = Products;
			sourceTree = "<group>";
		};
		FBAEED4526105FF6008C53B5 /* OdooContacts */ = {
			isa = PBXGroup;
			children = (
				FBAEED4626105FF6008C53B5 /* AppDelegate.swift */,
				FBAEED4826105FF6008C53B5 /* SceneDelegate.swift */,
				FBAEED4A26105FF6008C53B5 /* ViewController.swift */,
				FBAEED4C26105FF6008C53B5 /* Main.storyboard */,
				FBAEED4F26105FF7008C53B5 /* Assets.xcassets */,
				FBAEED5126105FF7008C53B5 /* LaunchScreen.storyboard */,
				FBAEED5426105FF7008C53B5 /* Info.plist */,
			);
			path = OdooContacts;
			sourceTree = "<group>";
		};
/* End PBXGroup section */

/* Begin PBXNativeTarget section */
		FBAEED4226105FF6008C53B5 /* OdooContacts */ = {
			isa = PBXNativeTarget;
			buildConfigurationList = FBAEED5726105FF7008C53B5 /* Build configuration list for PBXNativeTarget "OdooContacts" */;
			buildPhases = (
				FB2CD0044699063BA3FC549C /* [CP] Check Pods Manifest.lock */,
				FBAEED3F26105FF6008C53B5 /* Sources */,
				FBAEED4026105FF6008C53B5 /* Frameworks */,
				FBAEED4126105FF6008C53B5 /* Resources */,
				A2DA1FAC8E2C25F4695ACC30 /* [CP] Embed Pods Frameworks */,
			);
			buildRules = (
			);
			dependencies = (
			);
			name = OdooContacts;
			productName = OdooContacts;
			productReference = FBAEED4326105FF6008C53B5 /* OdooContacts.app */;
			productType = "com.apple.product-type.application";
		};
/* End PBXNativeTarget section */

/* Begin PBXProject section */
		FBAEED3B26105FF6008C53B5 /* Project object */ = {
			isa = PBXProject;
			attributes = {
				LastSwiftUpdateCheck = 1240;
				LastUpgradeCheck = 1240;
				TargetAttributes = {
					FBAEED4226105FF6008C53B5 = {
						CreatedOnToolsVersion = 12.4;
					};
				};
			};
			buildConfigurationList = FBAEED3E26105FF6008C53B5 /* Build configuration list for PBXProject "OdooContacts" */;
			compatibilityVersion = "Xcode 9.3";
			developmentRegion = en;
			hasScannedForEncodings = 0;
			knownRegions = (
				en,
				Base,
			);
			mainGroup = FBAEED3A26105FF6008C53B5;
			productRefGroup = FBAEED4426105FF6008C53B5 /* Products */;
			projectDirPath = "";
			projectRoot = "";
			targets = (
				FBAEED4226105FF6008C53B5 /* OdooContacts */,
			);
		};
/* End PBXProject section */

/* Begin PBXResourcesBuildPhase section */
		FBAEED4126105FF6008C53B5 /* Resources */ = {
			isa = PBXResourcesBuildPhase;
			buildActionMask = 2147483647;
			files = (
				FBAEED5326105FF7008C53B5 /* LaunchScreen.storyboard in Resources */,
				FBAEED5026105FF7008C53B5 /* Assets.xcassets in Resources */,
				FBAEED4E26105FF6008C53B5 /* Main.storyboard in Resources */,
			);
			runOnlyForDeploymentPostprocessing = 0;
		};
/* End PBXResourcesBuildPhase section */

/* Begin PBXShellScriptBuildPhase section */
		A2DA1FAC8E2C25F4695ACC30 /* [CP] Embed Pods Frameworks */ = {
			isa = PBXShellScriptBuildPhase;
			buildActionMask = 2147483647;
			files = (
			);
			inputFileListPaths = (
				"${PODS_ROOT}/Target Support Files/Pods-OdooContacts/Pods-OdooContacts-frameworks-${CONFIGURATION}-input-files.xcfilelist",
			);
			name = "[CP] Embed Pods Frameworks";
			outputFileListPaths = (
				"${PODS_ROOT}/Target Support Files/Pods-OdooContacts/Pods-OdooContacts-frameworks-${CONFIGURATION}-output-files.xcfilelist",
			);
			runOnlyForDeploymentPostprocessing = 0;
			shellPath = /bin/sh;
			shellScript = "\"${PODS_ROOT}/Target Support Files/Pods-OdooContacts/Pods-OdooContacts-frameworks.sh\"\n";
			showEnvVarsInLog = 0;
		};
		FB2CD0044699063BA3FC549C /* [CP] Check Pods Manifest.lock */ = {
			isa = PBXShellScriptBuildPhase;
			buildActionMask = 2147483647;
			files = (
			);
			inputFileListPaths = (
			);
			inputPaths = (
				"${PODS_PODFILE_DIR_PATH}/Podfile.lock",
				"${PODS_ROOT}/Manifest.lock",
			);
			name = "[CP] Check Pods Manifest.lock";
			outputFileListPaths = (
			);
			outputPaths = (
				"$(DERIVED_FILE_DIR)/Pods-OdooContacts-checkManifestLockResult.txt",
			);
			runOnlyForDeploymentPostprocessing = 0;
			shellPath = /bin/sh;
			shellScript = "diff \"${PODS_PODFILE_DIR_PATH}/Podfile.lock\" \"${PODS_ROOT}/Manifest.lock\" > /dev/null\nif [ $? != 0 ] ; then\n    # print error to STDERR\n    echo \"error: The sandbox is not in sync with the Podfile.lock. Run 'pod install' or update your CocoaPods installation.\" >&2\n    exit 1\nfi\n# This output is used by Xcode 'outputs' to avoid re-running this script phase.\necho \"SUCCESS\" > \"${SCRIPT_OUTPUT_FILE_0}\"\n";
			showEnvVarsInLog = 0;
		};
/* End PBXShellScriptBuildPhase section */

/* Begin PBXSourcesBuildPhase section */
		FBAEED3F26105FF6008C53B5 /* Sources */ = {
			isa = PBXSourcesBuildPhase;
			buildActionMask = 2147483647;
			files = (
				FBAEED4B26105FF6008C53B5 /* ViewController.swift in Sources */,
				FBAEED4726105FF6008C53B5 /* AppDelegate.swift in Sources */,
				FBAEED4926105FF6008C53B5 /* SceneDelegate.swift in Sources */,
			);
			runOnlyForDeploymentPostprocessing = 0;
		};
/* End PBXSourcesBuildPhase section */

/* Begin PBXVariantGroup section */
		FBAEED4C26105FF6008C53B5 /* Main.storyboard */ = {
			isa = PBXVariantGroup;
			children = (
				FBAEED4D26105FF6008C53B5 /* Base */,
			);
			name = Main.storyboard;
			sourceTree = "<group>";
		};
		FBAEED5126105FF7008C53B5 /* LaunchScreen.storyboard */ = {
			isa = PBXVariantGroup;
			children = (
				FBAEED5226105FF7008C53B5 /* Base */,
			);
			name = LaunchScreen.storyboard;
			sourceTree = "<group>";
		};
/* End PBXVariantGroup section */

/* Begin XCBuildConfiguration section */
		FBAEED5526105FF7008C53B5 /* Debug */ = {
			isa = XCBuildConfiguration;
			buildSettings = {
				ALWAYS_SEARCH_USER_PATHS = NO;
				CLANG_ANALYZER_NONNULL = YES;
				CLANG_ANALYZER_NUMBER_OBJECT_CONVERSION = YES_AGGRESSIVE;
				CLANG_CXX_LANGUAGE_STANDARD = "gnu++14";
				CLANG_CXX_LIBRARY = "libc++";
				CLANG_ENABLE_MODULES = YES;
				CLANG_ENABLE_OBJC_ARC = YES;
				CLANG_ENABLE_OBJC_WEAK = YES;
				CLANG_WARN_BLOCK_CAPTURE_AUTORELEASING = YES;
				CLANG_WARN_BOOL_CONVERSION = YES;
				CLANG_WARN_COMMA = YES;
				CLANG_WARN_CONSTANT_CONVERSION = YES;
				CLANG_WARN_DEPRECATED_OBJC_IMPLEMENTATIONS = YES;
				CLANG_WARN_DIRECT_OBJC_ISA_USAGE = YES_ERROR;
				CLANG_WARN_DOCUMENTATION_COMMENTS = YES;
				CLANG_WARN_EMPTY_BODY = YES;
				CLANG_WARN_ENUM_CONVERSION = YES;
				CLANG_WARN_INFINITE_RECURSION = YES;
				CLANG_WARN_INT_CONVERSION = YES;
				CLANG_WARN_NON_LITERAL_NULL_CONVERSION = YES;
				CLANG_WARN_OBJC_IMPLICIT_RETAIN_SELF = YES;
				CLANG_WARN_OBJC_LITERAL_CONVERSION = YES;
				CLANG_WARN_OBJC_ROOT_CLASS = YES_ERROR;
				CLANG_WARN_QUOTED_INCLUDE_IN_FRAMEWORK_HEADER = YES;
				CLANG_WARN_RANGE_LOOP_ANALYSIS = YES;
				CLANG_WARN_STRICT_PROTOTYPES = YES;
				CLANG_WARN_SUSPICIOUS_MOVE = YES;
				CLANG_WARN_UNGUARDED_AVAILABILITY = YES_AGGRESSIVE;
				CLANG_WARN_UNREACHABLE_CODE = YES;
				CLANG_WARN__DUPLICATE_METHOD_MATCH = YES;
				COPY_PHASE_STRIP = NO;
				DEBUG_INFORMATION_FORMAT = dwarf;
				ENABLE_STRICT_OBJC_MSGSEND = YES;
				ENABLE_TESTABILITY = YES;
				GCC_C_LANGUAGE_STANDARD = gnu11;
				GCC_DYNAMIC_NO_PIC = NO;
				GCC_NO_COMMON_BLOCKS = YES;
				GCC_OPTIMIZATION_LEVEL = 0;
				GCC_PREPROCESSOR_DEFINITIONS = (
					"DEBUG=1",
					"$(inherited)",
				);
				GCC_WARN_64_TO_32_BIT_CONVERSION = YES;
				GCC_WARN_ABOUT_RETURN_TYPE = YES_ERROR;
				GCC_WARN_UNDECLARED_SELECTOR = YES;
				GCC_WARN_UNINITIALIZED_AUTOS = YES_AGGRESSIVE;
				GCC_WARN_UNUSED_FUNCTION = YES;
				GCC_WARN_UNUSED_VARIABLE = YES;
				IPHONEOS_DEPLOYMENT_TARGET = 14.4;
				MTL_ENABLE_DEBUG_INFO = INCLUDE_SOURCE;
				MTL_FAST_MATH = YES;
				ONLY_ACTIVE_ARCH = YES;
				SDKROOT = iphoneos;
				SWIFT_ACTIVE_COMPILATION_CONDITIONS = DEBUG;
				SWIFT_OPTIMIZATION_LEVEL = "-Onone";
			};
			name = Debug;
		};
		FBAEED5626105FF7008C53B5 /* Release */ = {
			isa = XCBuildConfiguration;
			buildSettings = {
				ALWAYS_SEARCH_USER_PATHS = NO;
				CLANG_ANALYZER_NONNULL = YES;
				CLANG_ANALYZER_NUMBER_OBJECT_CONVERSION = YES_AGGRESSIVE;
				CLANG_CXX_LANGUAGE_STANDARD = "gnu++14";
				CLANG_CXX_LIBRARY = "libc++";
				CLANG_ENABLE_MODULES = YES;
				CLANG_ENABLE_OBJC_ARC = YES;
				CLANG_ENABLE_OBJC_WEAK = YES;
				CLANG_WARN_BLOCK_CAPTURE_AUTORELEASING = YES;
				CLANG_WARN_BOOL_CONVERSION = YES;
				CLANG_WARN_COMMA = YES;
				CLANG_WARN_CONSTANT_CONVERSION = YES;
				CLANG_WARN_DEPRECATED_OBJC_IMPLEMENTATIONS = YES;
				CLANG_WARN_DIRECT_OBJC_ISA_USAGE = YES_ERROR;
				CLANG_WARN_DOCUMENTATION_COMMENTS = YES;
				CLANG_WARN_EMPTY_BODY = YES;
				CLANG_WARN_ENUM_CONVERSION = YES;
				CLANG_WARN_INFINITE_RECURSION = YES;
				CLANG_WARN_INT_CONVERSION = YES;
				CLANG_WARN_NON_LITERAL_NULL_CONVERSION = YES;
				CLANG_WARN_OBJC_IMPLICIT_RETAIN_SELF = YES;
				CLANG_WARN_OBJC_LITERAL_CONVERSION = YES;
				CLANG_WARN_OBJC_ROOT_CLASS = YES_ERROR;
				CLANG_WARN_QUOTED_INCLUDE_IN_FRAMEWORK_HEADER = YES;
				CLANG_WARN_RANGE_LOOP_ANALYSIS = YES;
				CLANG_WARN_STRICT_PROTOTYPES = YES;
				CLANG_WARN_SUSPICIOUS_MOVE = YES;
				CLANG_WARN_UNGUARDED_AVAILABILITY = YES_AGGRESSIVE;
				CLANG_WARN_UNREACHABLE_CODE = YES;
				CLANG_WARN__DUPLICATE_METHOD_MATCH = YES;
				COPY_PHASE_STRIP = NO;
				DEBUG_INFORMATION_FORMAT = "dwarf-with-dsym";
				ENABLE_NS_ASSERTIONS = NO;
				ENABLE_STRICT_OBJC_MSGSEND = YES;
				GCC_C_LANGUAGE_STANDARD = gnu11;
				GCC_NO_COMMON_BLOCKS = YES;
				GCC_WARN_64_TO_32_BIT_CONVERSION = YES;
				GCC_WARN_ABOUT_RETURN_TYPE = YES_ERROR;
				GCC_WARN_UNDECLARED_SELECTOR = YES;
				GCC_WARN_UNINITIALIZED_AUTOS = YES_AGGRESSIVE;
				GCC_WARN_UNUSED_FUNCTION = YES;
				GCC_WARN_UNUSED_VARIABLE = YES;
				IPHONEOS_DEPLOYMENT_TARGET = 14.4;
				MTL_ENABLE_DEBUG_INFO = NO;
				MTL_FAST_MATH = YES;
				SDKROOT = iphoneos;
				SWIFT_COMPILATION_MODE = wholemodule;
				SWIFT_OPTIMIZATION_LEVEL = "-O";
				VALIDATE_PRODUCT = YES;
			};
			name = Release;
		};
		FBAEED5826105FF7008C53B5 /* Debug */ = {
			isa = XCBuildConfiguration;
			baseConfigurationReference = 1B8733CC34EE621511C31945 /* Pods-OdooContacts.debug.xcconfig */;
			buildSettings = {
				ASSETCATALOG_COMPILER_APPICON_NAME = AppIcon;
				ASSETCATALOG_COMPILER_GLOBAL_ACCENT_COLOR_NAME = AccentColor;
				CODE_SIGN_STYLE = Automatic;
				DEVELOPMENT_TEAM = SDHA2RHZSS;
				INFOPLIST_FILE = OdooContacts/Info.plist;
				LD_RUNPATH_SEARCH_PATHS = (
					"$(inherited)",
					"@executable_path/Frameworks",
				);
				PRODUCT_BUNDLE_IDENTIFIER = com.AlexanderNehai.OdooContacts;
				PRODUCT_NAME = "$(TARGET_NAME)";
				SWIFT_VERSION = 5.0;
				TARGETED_DEVICE_FAMILY = "1,2";
			};
			name = Debug;
		};
		FBAEED5926105FF7008C53B5 /* Release */ = {
			isa = XCBuildConfiguration;
			baseConfigurationReference = 71E0416003B8C71F72B7C27F /* Pods-OdooContacts.release.xcconfig */;
			buildSettings = {
				ASSETCATALOG_COMPILER_APPICON_NAME = AppIcon;
				ASSETCATALOG_COMPILER_GLOBAL_ACCENT_COLOR_NAME = AccentColor;
				CODE_SIGN_STYLE = Automatic;
				DEVELOPMENT_TEAM = SDHA2RHZSS;
				INFOPLIST_FILE = OdooContacts/Info.plist;
				LD_RUNPATH_SEARCH_PATHS = (
					"$(inherited)",
					"@executable_path/Frameworks",
				);
				PRODUCT_BUNDLE_IDENTIFIER = com.AlexanderNehai.OdooContacts;
				PRODUCT_NAME = "$(TARGET_NAME)";
				SWIFT_VERSION = 5.0;
				TARGETED_DEVICE_FAMILY = "1,2";
			};
			name = Release;
		};
/* End XCBuildConfiguration section */

/* Begin XCConfigurationList section */
		FBAEED3E26105FF6008C53B5 /* Build configuration list for PBXProject "OdooContacts" */ = {
			isa = XCConfigurationList;
			buildConfigurations = (
				FBAEED5526105FF7008C53B5 /* Debug */,
				FBAEED5626105FF7008C53B5 /* Release */,
			);
			defaultConfigurationIsVisible = 0;
			defaultConfigurationName = Release;
		};
		FBAEED5726105FF7008C53B5 /* Build configuration list for PBXNativeTarget "OdooContacts" */ = {
			isa = XCConfigurationList;
			buildConfigurations = (
				FBAEED5826105FF7008C53B5 /* Debug */,
				FBAEED5926105FF7008C53B5 /* Release */,
			);
			defaultConfigurationIsVisible = 0;
			defaultConfigurationName = Release;
		};
/* End XCConfigurationList section */
	};
	rootObject = FBAEED3B26105FF6008C53B5 /* Project object */;
}
